
Microsoft Visual Studio Solution File, Format Version 12.00
# Visual Studio Version 16
VisualStudioVersion = 16.0.30114.105
MinimumVisualStudioVersion = 10.0.40219.1
Project("{FAE04EC0-301F-11D3-BF4B-00C04F79EFBC}") = "PInstitucionEducativa", "PInstitucionEducativa\PInstitucionEducativa.csproj", "{636713F5-3845-4FC8-A20C-98B5694DC419}"
EndProject
Project("{FAE04EC0-301F-11D3-BF4B-00C04F79EFBC}") = "Entidad", "Entidad\Entidad.csproj", "{3E329842-3B8E-491E-B3C6-1DFB055A34AB}"
EndProject
Project("{FAE04EC0-301F-11D3-BF4B-00C04F79EFBC}") = "Datos", "Datos\Datos.csproj", "{CAB4835A-8A52-4287-86CE-5161686928DC}"
EndProject
Project("{FAE04EC0-301F-11D3-BF4B-00C04F79EFBC}") = "Logica", "Logica\Logica.csproj", "{C4F7B3FE-B9CF-40F1-9F01-9FE0795AA394}"
EndProject
Global
	GlobalSection(SolutionConfigurationPlatforms) = preSolution
		Debug|Any CPU = Debug|Any CPU
		Debug|x64 = Debug|x64
		Debug|x86 = Debug|x86
		Release|Any CPU = Release|Any CPU
		Release|x64 = Release|x64
		Release|x86 = Release|x86
	EndGlobalSection
	GlobalSection(SolutionProperties) = preSolution
		HideSolutionNode = FALSE
	EndGlobalSection
	GlobalSection(ProjectConfigurationPlatforms) = postSolution
		{636713F5-3845-4FC8-A20C-98B5694DC419}.Debug|Any CPU.ActiveCfg = Debug|Any CPU
		{636713F5-3845-4FC8-A20C-98B5694DC419}.Debug|Any CPU.Build.0 = Debug|Any CPU
		{636713F5-3845-4FC8-A20C-98B5694DC419}.Debug|x64.ActiveCfg = Debug|Any CPU
		{636713F5-3845-4FC8-A20C-98B5694DC419}.Debug|x64.Build.0 = Debug|Any CPU
		{636713F5-3845-4FC8-A20C-98B5694DC419}.Debug|x86.ActiveCfg = Debug|Any CPU
		{636713F5-3845-4FC8-A20C-98B5694DC419}.Debug|x86.Build.0 = Debug|Any CPU
		{636713F5-3845-4FC8-A20C-98B5694DC419}.Release|Any CPU.ActiveCfg = Release|Any CPU
		{636713F5-3845-4FC8-A20C-98B5694DC419}.Release|Any CPU.Build.0 = Release|Any CPU
		{636713F5-3845-4FC8-A20C-98B5694DC419}.Release|x64.ActiveCfg = Release|Any CPU
		{636713F5-3845-4FC8-A20C-98B5694DC419}.Release|x64.Build.0 = Release|Any CPU
		{636713F5-3845-4FC8-A20C-98B5694DC419}.Release|x86.ActiveCfg = Release|Any CPU
		{636713F5-3845-4FC8-A20C-98B5694DC419}.Release|x86.Build.0 = Release|Any CPU
		{3E329842-3B8E-491E-B3C6-1DFB055A34AB}.Debug|Any CPU.ActiveCfg = Debug|Any CPU
		{3E329842-3B8E-491E-B3C6-1DFB055A34AB}.Debug|Any CPU.Build.0 = Debug|Any CPU
		{3E329842-3B8E-491E-B3C6-1DFB055A34AB}.Debug|x64.ActiveCfg = Debug|Any CPU
		{3E329842-3B8E-491E-B3C6-1DFB055A34AB}.Debug|x64.Build.0 = Debug|Any CPU
		{3E329842-3B8E-491E-B3C6-1DFB055A34AB}.Debug|x86.ActiveCfg = Debug|Any CPU
		{3E329842-3B8E-491E-B3C6-1DFB055A34AB}.Debug|x86.Build.0 = Debug|Any CPU
		{3E329842-3B8E-491E-B3C6-1DFB055A34AB}.Release|Any CPU.ActiveCfg = Release|Any CPU
		{3E329842-3B8E-491E-B3C6-1DFB055A34AB}.Release|Any CPU.Build.0 = Release|Any CPU
		{3E329842-3B8E-491E-B3C6-1DFB055A34AB}.Release|x64.ActiveCfg = Release|Any CPU
		{3E329842-3B8E-491E-B3C6-1DFB055A34AB}.Release|x64.Build.0 = Release|Any CPU
		{3E329842-3B8E-491E-B3C6-1DFB055A34AB}.Release|x86.ActiveCfg = Release|Any CPU
		{3E329842-3B8E-491E-B3C6-1DFB055A34AB}.Release|x86.Build.0 = Release|Any CPU
		{CAB4835A-8A52-4287-86CE-5161686928DC}.Debug|Any CPU.ActiveCfg = Debug|Any CPU
		{CAB4835A-8A52-4287-86CE-5161686928DC}.Debug|Any CPU.Build.0 = Debug|Any CPU
		{CAB4835A-8A52-4287-86CE-5161686928DC}.Debug|x64.ActiveCfg = Debug|Any CPU
		{CAB4835A-8A52-4287-86CE-5161686928DC}.Debug|x64.Build.0 = Debug|Any CPU
		{CAB4835A-8A52-4287-86CE-5161686928DC}.Debug|x86.ActiveCfg = Debug|Any CPU
		{CAB4835A-8A52-4287-86CE-5161686928DC}.Debug|x86.Build.0 = Debug|Any CPU
		{CAB4835A-8A52-4287-86CE-5161686928DC}.Release|Any CPU.ActiveCfg = Release|Any CPU
		{CAB4835A-8A52-4287-86CE-5161686928DC}.Release|Any CPU.Build.0 = Release|Any CPU
		{CAB4835A-8A52-4287-86CE-5161686928DC}.Release|x64.ActiveCfg = Release|Any CPU
		{CAB4835A-8A52-4287-86CE-5161686928DC}.Release|x64.Build.0 = Release|Any CPU
		{CAB4835A-8A52-4287-86CE-5161686928DC}.Release|x86.ActiveCfg = Release|Any CPU
		{CAB4835A-8A52-4287-86CE-5161686928DC}.Release|x86.Build.0 = Release|Any CPU
		{C4F7B3FE-B9CF-40F1-9F01-9FE0795AA394}.Debug|Any CPU.ActiveCfg = Debug|Any CPU
		{C4F7B3FE-B9CF-40F1-9F01-9FE0795AA394}.Debug|Any CPU.Build.0 = Debug|Any CPU
		{C4F7B3FE-B9CF-40F1-9F01-9FE0795AA394}.Debug|x64.ActiveCfg = Debug|Any CPU
		{C4F7B3FE-B9CF-40F1-9F01-9FE0795AA394}.Debug|x64.Build.0 = Debug|Any CPU
		{C4F7B3FE-B9CF-40F1-9F01-9FE0795AA394}.Debug|x86.ActiveCfg = Debug|Any CPU
		{C4F7B3FE-B9CF-40F1-9F01-9FE0795AA394}.Debug|x86.Build.0 = Debug|Any CPU
		{C4F7B3FE-B9CF-40F1-9F01-9FE0795AA394}.Release|Any CPU.ActiveCfg = Release|Any CPU
		{C4F7B3FE-B9CF-40F1-9F01-9FE0795AA394}.Release|Any CPU.Build.0 = Release|Any CPU
		{C4F7B3FE-B9CF-40F1-9F01-9FE0795AA394}.Release|x64.ActiveCfg = Release|Any CPU
		{C4F7B3FE-B9CF-40F1-9F01-9FE0795AA394}.Release|x64.Build.0 = Release|Any CPU
		{C4F7B3FE-B9CF-40F1-9F01-9FE0795AA394}.Release|x86.ActiveCfg = Release|Any CPU
		{C4F7B3FE-B9CF-40F1-9F01-9FE0795AA394}.Release|x86.Build.0 = Release|Any CPU
	EndGlobalSection
EndGlobal
